
Microsoft Visual Studio Solution File, Format Version 12.00
# Visual Studio Version 17
VisualStudioVersion = 17.12.35209.166
MinimumVisualStudioVersion = 10.0.40219.1
Project("{F2A71F9B-5D33-465A-A702-920D77279786}") = "ExpensesTracker1", "ExpensesTracker1.fsproj", "{A5596BA4-CD2F-4283-8A27-FD07559663D4}"
EndProject
Project("{FAE04EC0-301F-11D3-BF4B-00C04F79EFBC}") = "ExpenseTrackerServer", "..\ExpenseTrackerServer\ExpenseTrackerServer.csproj", "{99B34F0D-3A2B-419A-BFAE-C81A78098994}"
EndProject
Global
	GlobalSection(SolutionConfigurationPlatforms) = preSolution
		Debug|Any CPU = Debug|Any CPU
		Release|Any CPU = Release|Any CPU
	EndGlobalSection
	GlobalSection(ProjectConfigurationPlatforms) = postSolution
		{A5596BA4-CD2F-4283-8A27-FD07559663D4}.Debug|Any CPU.ActiveCfg = Debug|Any CPU
		{A5596BA4-CD2F-4283-8A27-FD07559663D4}.Debug|Any CPU.Build.0 = Debug|Any CPU
		{A5596BA4-CD2F-4283-8A27-FD07559663D4}.Release|Any CPU.ActiveCfg = Release|Any CPU
		{A5596BA4-CD2F-4283-8A27-FD07559663D4}.Release|Any CPU.Build.0 = Release|Any CPU
		{99B34F0D-3A2B-419A-BFAE-C81A78098994}.Debug|Any CPU.ActiveCfg = Debug|Any CPU
		{99B34F0D-3A2B-419A-BFAE-C81A78098994}.Debug|Any CPU.Build.0 = Debug|Any CPU
		{99B34F0D-3A2B-419A-BFAE-C81A78098994}.Release|Any CPU.ActiveCfg = Release|Any CPU
		{99B34F0D-3A2B-419A-BFAE-C81A78098994}.Release|Any CPU.Build.0 = Release|Any CPU
	EndGlobalSection
	GlobalSection(SolutionProperties) = preSolution
		HideSolutionNode = FALSE
	EndGlobalSection
	GlobalSection(ExtensibilityGlobals) = postSolution
		SolutionGuid = {863BB9CE-B764-42CA-A671-5A2EF25177FD}
	EndGlobalSection
EndGlobal
